{
  "nodes": {
    "nixpkgs": {
      "locked": {
        "lastModified": 1632053790,
        "narHash": "sha256-111QyQPSnyZeax9hgFmhtBydbEJAqYY/4c13u5j/87Y=",
        "owner": "NixOS",
        "repo": "nixpkgs",
        "rev": "b67fe5b0fe22fdd823d719160016f29000198d2e",
        "type": "github"
      },
      "original": {
        "id": "nixpkgs",
        "type": "indirect"
      }
    },
    "root": {
      "inputs": {
        "nixpkgs": "nixpkgs"
      }
    }
  },
  "root": "root",
  "version": 7
}
